// !$*UTF8*$!
{
	archiveVersion = 1;
	classes = {
	};
	objectVersion = 46;
	objects = {

/* Begin PBXBuildFile section */
		113625D71F42729800A7A609 /* AppDelegate.swift in Sources */ = {isa = PBXBuildFile; fileRef = 113625D61F42729800A7A609 /* AppDelegate.swift */; };
		113625D91F42729800A7A609 /* ViewController.swift in Sources */ = {isa = PBXBuildFile; fileRef = 113625D81F42729800A7A609 /* ViewController.swift */; };
		113625DC1F42729800A7A609 /* Main.storyboard in Resources */ = {isa = PBXBuildFile; fileRef = 113625DA1F42729800A7A609 /* Main.storyboard */; };
		113625DE1F42729800A7A609 /* Assets.xcassets in Resources */ = {isa = PBXBuildFile; fileRef = 113625DD1F42729800A7A609 /* Assets.xcassets */; };
		113625E11F42729800A7A609 /* LaunchScreen.storyboard in Resources */ = {isa = PBXBuildFile; fileRef = 113625DF1F42729800A7A609 /* LaunchScreen.storyboard */; };
/* End PBXBuildFile section */

/* Begin PBXFileReference section */
		113625D31F42729800A7A609 /* app-dev-profile.app */ = {isa = PBXFileReference; explicitFileType = wrapper.application; includeInIndex = 0; path = "app-dev-profile.app"; sourceTree = BUILT_PRODUCTS_DIR; };
		113625D61F42729800A7A609 /* AppDelegate.swift */ = {isa = PBXFileReference; lastKnownFileType = sourcecode.swift; path = AppDelegate.swift; sourceTree = "<group>"; };
		113625D81F42729800A7A609 /* ViewController.swift */ = {isa = PBXFileReference; lastKnownFileType = sourcecode.swift; path = ViewController.swift; sourceTree = "<group>"; };
		113625DB1F42729800A7A609 /* Base */ = {isa = PBXFileReference; lastKnownFileType = file.storyboard; name = Base; path = Base.lproj/Main.storyboard; sourceTree = "<group>"; };
		113625DD1F42729800A7A609 /* Assets.xcassets */ = {isa = PBXFileReference; lastKnownFileType = folder.assetcatalog; path = Assets.xcassets; sourceTree = "<group>"; };
		113625E01F42729800A7A609 /* Base */ = {isa = PBXFileReference; lastKnownFileType = file.storyboard; name = Base; path = Base.lproj/LaunchScreen.storyboard; sourceTree = "<group>"; };
		113625E21F42729800A7A609 /* Info.plist */ = {isa = PBXFileReference; lastKnownFileType = text.plist.xml; path = Info.plist; sourceTree = "<group>"; };
/* End PBXFileReference section */

/* Begin PBXFrameworksBuildPhase section */
		113625D01F42729800A7A609 /* Frameworks */ = {
			isa = PBXFrameworksBuildPhase;
			buildActionMask = 2147483647;
			files = (
			);
			runOnlyForDeploymentPostprocessing = 0;
		};
/* End PBXFrameworksBuildPhase section */

/* Begin PBXGroup section */
		113625CA1F42729800A7A609 = {
			isa = PBXGroup;
			children = (
				113625D51F42729800A7A609 /* app-dev-profile */,
				113625D41F42729800A7A609 /* Products */,
			);
			sourceTree = "<group>";
		};
		113625D41F42729800A7A609 /* Products */ = {
			isa = PBXGroup;
			children = (
				113625D31F42729800A7A609 /* app-dev-profile.app */,
			);
			name = Products;
			sourceTree = "<group>";
		};
		113625D51F42729800A7A609 /* app-dev-profile */ = {
			isa = PBXGroup;
			children = (
				113625D61F42729800A7A609 /* AppDelegate.swift */,
				113625D81F42729800A7A609 /* ViewController.swift */,
				113625DA1F42729800A7A609 /* Main.storyboard */,
				113625DD1F42729800A7A609 /* Assets.xcassets */,
				113625DF1F42729800A7A609 /* LaunchScreen.storyboard */,
				113625E21F42729800A7A609 /* Info.plist */,
			);
			path = "app-dev-profile";
			sourceTree = "<group>";
		};
/* End PBXGroup section */

/* Begin PBXNativeTarget section */
		113625D21F42729800A7A609 /* app-dev-profile */ = {
			isa = PBXNativeTarget;
			buildConfigurationList = 113625E51F42729800A7A609 /* Build configuration list for PBXNativeTarget "app-dev-profile" */;
			buildPhases = (
				113625CF1F42729800A7A609 /* Sources */,
				113625D01F42729800A7A609 /* Frameworks */,
				113625D11F42729800A7A609 /* Resources */,
			);
			buildRules = (
			);
			dependencies = (
			);
			name = "app-dev-profile";
			productName = "app-dev-profile";
			productReference = 113625D31F42729800A7A609 /* app-dev-profile.app */;
			productType = "com.apple.product-type.application";
		};
/* End PBXNativeTarget section */

/* Begin PBXProject section */
		113625CB1F42729800A7A609 /* Project object */ = {
			isa = PBXProject;
			attributes = {
				LastSwiftUpdateCheck = 0820;
				LastUpgradeCheck = 0820;
				ORGANIZATIONNAME = Alexander;
				TargetAttributes = {
					113625D21F42729800A7A609 = {
						CreatedOnToolsVersion = 8.2.1;
						DevelopmentTeam = ZN234ZPN46;
						ProvisioningStyle = Automatic;
					};
				};
			};
			buildConfigurationList = 113625CE1F42729800A7A609 /* Build configuration list for PBXProject "app-dev-profile" */;
			compatibilityVersion = "Xcode 3.2";
			developmentRegion = English;
			hasScannedForEncodings = 0;
			knownRegions = (
				en,
				Base,
			);
			mainGroup = 113625CA1F42729800A7A609;
			productRefGroup = 113625D41F42729800A7A609 /* Products */;
			projectDirPath = "";
			projectRoot = "";
			targets = (
				113625D21F42729800A7A609 /* app-dev-profile */,
			);
		};
/* End PBXProject section */

/* Begin PBXResourcesBuildPhase section */
		113625D11F42729800A7A609 /* Resources */ = {
			isa = PBXResourcesBuildPhase;
			buildActionMask = 2147483647;
			files = (
				113625E11F42729800A7A609 /* LaunchScreen.storyboard in Resources */,
				113625DE1F42729800A7A609 /* Assets.xcassets in Resources */,
				113625DC1F42729800A7A609 /* Main.storyboard in Resources */,
			);
			runOnlyForDeploymentPostprocessing = 0;
		};
/* End PBXResourcesBuildPhase section */

/* Begin PBXSourcesBuildPhase section */
		113625CF1F42729800A7A609 /* Sources */ = {
			isa = PBXSourcesBuildPhase;
			buildActionMask = 2147483647;
			files = (
				113625D91F42729800A7A609 /* ViewController.swift in Sources */,
				113625D71F42729800A7A609 /* AppDelegate.swift in Sources */,
			);
			runOnlyForDeploymentPostprocessing = 0;
		};
/* End PBXSourcesBuildPhase section */

/* Begin PBXVariantGroup section */
		113625DA1F42729800A7A609 /* Main.storyboard */ = {
			isa = PBXVariantGroup;
			children = (
				113625DB1F42729800A7A609 /* Base */,
			);
			name = Main.storyboard;
			sourceTree = "<group>";
		};
		113625DF1F42729800A7A609 /* LaunchScreen.storyboard */ = {
			isa = PBXVariantGroup;
			children = (
				113625E01F42729800A7A609 /* Base */,
			);
			name = LaunchScreen.storyboard;
			sourceTree = "<group>";
		};
/* End PBXVariantGroup section */

/* Begin XCBuildConfiguration section */
		113625E31F42729800A7A609 /* Debug */ = {
			isa = XCBuildConfiguration;
			buildSettings = {
				ALWAYS_SEARCH_USER_PATHS = NO;
				CLANG_ANALYZER_NONNULL = YES;
				CLANG_CXX_LANGUAGE_STANDARD = "gnu++0x";
				CLANG_CXX_LIBRARY = "libc++";
				CLANG_ENABLE_MODULES = YES;
				CLANG_ENABLE_OBJC_ARC = YES;
				CLANG_WARN_BOOL_CONVERSION = YES;
				CLANG_WARN_CONSTANT_CONVERSION = YES;
				CLANG_WARN_DIRECT_OBJC_ISA_USAGE = YES_ERROR;
				CLANG_WARN_DOCUMENTATION_COMMENTS = YES;
				CLANG_WARN_EMPTY_BODY = YES;
				CLANG_WARN_ENUM_CONVERSION = YES;
				CLANG_WARN_INFINITE_RECURSION = YES;
				CLANG_WARN_INT_CONVERSION = YES;
				CLANG_WARN_OBJC_ROOT_CLASS = YES_ERROR;
				CLANG_WARN_SUSPICIOUS_MOVE = YES;
				CLANG_WARN_UNREACHABLE_CODE = YES;
				CLANG_WARN__DUPLICATE_METHOD_MATCH = YES;
				"CODE_SIGN_IDENTITY[sdk=iphoneos*]" = "iPhone Developer";
				COPY_PHASE_STRIP = NO;
				DEBUG_INFORMATION_FORMAT = dwarf;
				ENABLE_STRICT_OBJC_MSGSEND = YES;
				ENABLE_TESTABILITY = YES;
				GCC_C_LANGUAGE_STANDARD = gnu99;
				GCC_DYNAMIC_NO_PIC = NO;
				GCC_NO_COMMON_BLOCKS = YES;
				GCC_OPTIMIZATION_LEVEL = 0;
				GCC_PREPROCESSOR_DEFINITIONS = (
					"DEBUG=1",
					"$(inherited)",
				);
				GCC_WARN_64_TO_32_BIT_CONVERSION = YES;
				GCC_WARN_ABOUT_RETURN_TYPE = YES_ERROR;
				GCC_WARN_UNDECLARED_SELECTOR = YES;
				GCC_WARN_UNINITIALIZED_AUTOS = YES_AGGRESSIVE;
				GCC_WARN_UNUSED_FUNCTION = YES;
				GCC_WARN_UNUSED_VARIABLE = YES;
				IPHONEOS_DEPLOYMENT_TARGET = 10.2;
				MTL_ENABLE_DEBUG_INFO = YES;
				ONLY_ACTIVE_ARCH = YES;
				SDKROOT = iphoneos;
				SWIFT_ACTIVE_COMPILATION_CONDITIONS = DEBUG;
				SWIFT_OPTIMIZATION_LEVEL = "-Onone";
				TARGETED_DEVICE_FAMILY = "1,2";
			};
			name = Debug;
		};
		113625E41F42729800A7A609 /* Release */ = {
			isa = XCBuildConfiguration;
			buildSettings = {
				ALWAYS_SEARCH_USER_PATHS = NO;
				CLANG_ANALYZER_NONNULL = YES;
				CLANG_CXX_LANGUAGE_STANDARD = "gnu++0x";
				CLANG_CXX_LIBRARY = "libc++";
				CLANG_ENABLE_MODULES = YES;
				CLANG_ENABLE_OBJC_ARC = YES;
				CLANG_WARN_BOOL_CONVERSION = YES;
				CLANG_WARN_CONSTANT_CONVERSION = YES;
				CLANG_WARN_DIRECT_OBJC_ISA_USAGE = YES_ERROR;
				CLANG_WARN_DOCUMENTATION_COMMENTS = YES;
				CLANG_WARN_EMPTY_BODY = YES;
				CLANG_WARN_ENUM_CONVERSION = YES;
				CLANG_WARN_INFINITE_RECURSION = YES;
				CLANG_WARN_INT_CONVERSION = YES;
				CLANG_WARN_OBJC_ROOT_CLASS = YES_ERROR;
				CLANG_WARN_SUSPICIOUS_MOVE = YES;
				CLANG_WARN_UNREACHABLE_CODE = YES;
				CLANG_WARN__DUPLICATE_METHOD_MATCH = YES;
				"CODE_SIGN_IDENTITY[sdk=iphoneos*]" = "iPhone Developer";
				COPY_PHASE_STRIP = NO;
				DEBUG_INFORMATION_FORMAT = "dwarf-with-dsym";
				ENABLE_NS_ASSERTIONS = NO;
				ENABLE_STRICT_OBJC_MSGSEND = YES;
				GCC_C_LANGUAGE_STANDARD = gnu99;
				GCC_NO_COMMON_BLOCKS = YES;
				GCC_WARN_64_TO_32_BIT_CONVERSION = YES;
				GCC_WARN_ABOUT_RETURN_TYPE = YES_ERROR;
				GCC_WARN_UNDECLARED_SELECTOR = YES;
				GCC_WARN_UNINITIALIZED_AUTOS = YES_AGGRESSIVE;
				GCC_WARN_UNUSED_FUNCTION = YES;
				GCC_WARN_UNUSED_VARIABLE = YES;
				IPHONEOS_DEPLOYMENT_TARGET = 10.2;
				MTL_ENABLE_DEBUG_INFO = NO;
				SDKROOT = iphoneos;
				SWIFT_OPTIMIZATION_LEVEL = "-Owholemodule";
				TARGETED_DEVICE_FAMILY = "1,2";
				VALIDATE_PRODUCT = YES;
			};
			name = Release;
		};
		113625E61F42729800A7A609 /* Debug */ = {
			isa = XCBuildConfiguration;
			buildSettings = {
				ASSETCATALOG_COMPILER_APPICON_NAME = AppIcon;
				DEVELOPMENT_TEAM = ZN234ZPN46;
				INFOPLIST_FILE = "app-dev-profile/Info.plist";
				LD_RUNPATH_SEARCH_PATHS = "$(inherited) @executable_path/Frameworks";
				PRODUCT_BUNDLE_IDENTIFIER = "com.alexnuzhnyi.app-dev-profile";
				PRODUCT_NAME = "$(TARGET_NAME)";
				SWIFT_VERSION = 3.0;
			};
			name = Debug;
		};
		113625E71F42729800A7A609 /* Release */ = {
			isa = XCBuildConfiguration;
			buildSettings = {
				ASSETCATALOG_COMPILER_APPICON_NAME = AppIcon;
				DEVELOPMENT_TEAM = ZN234ZPN46;
				INFOPLIST_FILE = "app-dev-profile/Info.plist";
				LD_RUNPATH_SEARCH_PATHS = "$(inherited) @executable_path/Frameworks";
				PRODUCT_BUNDLE_IDENTIFIER = "com.alexnuzhnyi.app-dev-profile";
				PRODUCT_NAME = "$(TARGET_NAME)";
				SWIFT_VERSION = 3.0;
			};
			name = Release;
		};
/* End XCBuildConfiguration section */

/* Begin XCConfigurationList section */
		113625CE1F42729800A7A609 /* Build configuration list for PBXProject "app-dev-profile" */ = {
			isa = XCConfigurationList;
			buildConfigurations = (
				113625E31F42729800A7A609 /* Debug */,
				113625E41F42729800A7A609 /* Release */,
			);
			defaultConfigurationIsVisible = 0;
			defaultConfigurationName = Release;
		};
		113625E51F42729800A7A609 /* Build configuration list for PBXNativeTarget "app-dev-profile" */ = {
			isa = XCConfigurationList;
			buildConfigurations = (
				113625E61F42729800A7A609 /* Debug */,
				113625E71F42729800A7A609 /* Release */,
			);
			defaultConfigurationIsVisible = 0;
		};
/* End XCConfigurationList section */
	};
	rootObject = 113625CB1F42729800A7A609 /* Project object */;
}
